version = 1
requires-python = ">=3.11"

[[package]]
name = "arabic-reshaper"
version = "3.0.0"
source = { registry = "https://pypi.org/simple" }
sdist = { url = "https://files.pythonhosted.org/packages/29/27/9f488e21f87fd8b7ff3b52c372b9510c619ecf1398e4ba30d5f4becc7d86/arabic_reshaper-3.0.0.tar.gz", hash = "sha256:ffcd13ba5ec007db71c072f5b23f420da92ac7f268512065d49e790e62237099", size = 23420 }
wheels = [
    { url = "https://files.pythonhosted.org/packages/44/fb/e20b45d81d74d810b01bff408baf8af04abf1d55a1a289c8395ad0919a7c/arabic_reshaper-3.0.0-py3-none-any.whl", hash = "sha256:3f71d5034bb694204a239a6f1ebcf323ac3c5b059de02259235e2016a1a5e2dc", size = 20364 },
]

[[package]]
name = "colorama"
version = "0.4.6"
source = { registry = "https://pypi.org/simple" }
sdist = { url = "https://files.pythonhosted.org/packages/d8/53/6f443c9a4a8358a93a6792e2acffb9d9d5cb0a5cfd8802644b7b1c9a02e4/colorama-0.4.6.tar.gz", hash = "sha256:08695f5cb7ed6e0531a20572697297273c47b8cae5a63ffc6d6ed5c201be6e44", size = 27697 }
wheels = [
    { url = "https://files.pythonhosted.org/packages/d1/d6/3965ed04c63042e047cb6a3e6ed1a63a35087b6a609aa3a15ed8ac56c221/colorama-0.4.6-py2.py3-none-any.whl", hash = "sha256:4f1d9991f5acc0ca119f9d443620b77f9d6b33703e51011c16baf57afb285fc6", size = 25335 },
]

[[package]]
name = "fpdf"
version = "1.7.2"
source = { registry = "https://pypi.org/simple" }
sdist = { url = "https://files.pythonhosted.org/packages/37/c6/608a9e6c172bf9124aa687ec8b9f0e8e5d697d59a5f4fad0e2d5ec2a7556/fpdf-1.7.2.tar.gz", hash = "sha256:125840783289e7d12552b1e86ab692c37322e7a65b96a99e0ea86cca041b6779", size = 39504 }

[[package]]
name = "greenlet"
version = "3.2.3"
source = { registry = "https://pypi.org/simple" }
sdist = { url = "https://files.pythonhosted.org/packages/c9/92/bb85bd6e80148a4d2e0c59f7c0c2891029f8fd510183afc7d8d2feeed9b6/greenlet-3.2.3.tar.gz", hash = "sha256:8b0dd8ae4c0d6f5e54ee55ba935eeb3d735a9b58a8a1e5b5cbab64e01a39f365", size = 185752 }
wheels = [
    { url = "https://files.pythonhosted.org/packages/fc/2e/d4fcb2978f826358b673f779f78fa8a32ee37df11920dc2bb5589cbeecef/greenlet-3.2.3-cp311-cp311-macosx_11_0_universal2.whl", hash = "sha256:784ae58bba89fa1fa5733d170d42486580cab9decda3484779f4759345b29822", size = 270219 },
    { url = "https://files.pythonhosted.org/packages/16/24/929f853e0202130e4fe163bc1d05a671ce8dcd604f790e14896adac43a52/greenlet-3.2.3-cp311-cp311-manylinux2014_aarch64.manylinux_2_17_aarch64.whl", hash = "sha256:0921ac4ea42a5315d3446120ad48f90c3a6b9bb93dd9b3cf4e4d84a66e42de83", size = 630383 },
    { url = "https://files.pythonhosted.org/packages/d1/b2/0320715eb61ae70c25ceca2f1d5ae620477d246692d9cc284c13242ec31c/greenlet-3.2.3-cp311-cp311-manylinux2014_ppc64le.manylinux_2_17_ppc64le.whl", hash = "sha256:d2971d93bb99e05f8c2c0c2f4aa9484a18d98c4c3bd3c62b65b7e6ae33dfcfaf", size = 642422 },
    { url = "https://files.pythonhosted.org/packages/bd/49/445fd1a210f4747fedf77615d941444349c6a3a4a1135bba9701337cd966/greenlet-3.2.3-cp311-cp311-manylinux2014_s390x.manylinux_2_17_s390x.whl", hash = "sha256:c667c0bf9d406b77a15c924ef3285e1e05250948001220368e039b6aa5b5034b", size = 638375 },
    { url = "https://files.pythonhosted.org/packages/7e/c8/ca19760cf6eae75fa8dc32b487e963d863b3ee04a7637da77b616703bc37/greenlet-3.2.3-cp311-cp311-manylinux2014_x86_64.manylinux_2_17_x86_64.whl", hash = "sha256:592c12fb1165be74592f5de0d70f82bc5ba552ac44800d632214b76089945147", size = 637627 },
    { url = "https://files.pythonhosted.org/packages/65/89/77acf9e3da38e9bcfca881e43b02ed467c1dedc387021fc4d9bd9928afb8/greenlet-3.2.3-cp311-cp311-manylinux_2_24_x86_64.manylinux_2_28_x86_64.whl", hash = "sha256:29e184536ba333003540790ba29829ac14bb645514fbd7e32af331e8202a62a5", size = 585502 },
    { url = "https://files.pythonhosted.org/packages/97/c6/ae244d7c95b23b7130136e07a9cc5aadd60d59b5951180dc7dc7e8edaba7/greenlet-3.2.3-cp311-cp311-musllinux_1_1_aarch64.whl", hash = "sha256:93c0bb79844a367782ec4f429d07589417052e621aa39a5ac1fb99c5aa308edc", size = 1114498 },
    { url = "https://files.pythonhosted.org/packages/89/5f/b16dec0cbfd3070658e0d744487919740c6d45eb90946f6787689a7efbce/greenlet-3.2.3-cp311-cp311-musllinux_1_1_x86_64.whl", hash = "sha256:751261fc5ad7b6705f5f76726567375bb2104a059454e0226e1eef6c756748ba", size = 1139977 },
    { url = "https://files.pythonhosted.org/packages/66/77/d48fb441b5a71125bcac042fc5b1494c806ccb9a1432ecaa421e72157f77/greenlet-3.2.3-cp311-cp311-win_amd64.whl", hash = "sha256:83a8761c75312361aa2b5b903b79da97f13f556164a7dd2d5448655425bd4c34", size = 297017 },
    { url = "https://files.pythonhosted.org/packages/f3/94/ad0d435f7c48debe960c53b8f60fb41c2026b1d0fa4a99a1cb17c3461e09/greenlet-3.2.3-cp312-cp312-macosx_11_0_universal2.whl", hash = "sha256:25ad29caed5783d4bd7a85c9251c651696164622494c00802a139c00d639242d", size = 271992 },
    { url = "https://files.pythonhosted.org/packages/93/5d/7c27cf4d003d6e77749d299c7c8f5fd50b4f251647b5c2e97e1f20da0ab5/greenlet-3.2.3-cp312-cp312-manylinux2014_aarch64.manylinux_2_17_aarch64.whl", hash = "sha256:88cd97bf37fe24a6710ec6a3a7799f3f81d9cd33317dcf565ff9950c83f55e0b", size = 638820 },
    { url = "https://files.pythonhosted.org/packages/c6/7e/807e1e9be07a125bb4c169144937910bf59b9d2f6d931578e57f0bce0ae2/greenlet-3.2.3-cp312-cp312-manylinux2014_ppc64le.manylinux_2_17_ppc64le.whl", hash = "sha256:baeedccca94880d2f5666b4fa16fc20ef50ba1ee353ee2d7092b383a243b0b0d", size = 653046 },
    { url = "https://files.pythonhosted.org/packages/9d/ab/158c1a4ea1068bdbc78dba5a3de57e4c7aeb4e7fa034320ea94c688bfb61/greenlet-3.2.3-cp312-cp312-manylinux2014_s390x.manylinux_2_17_s390x.whl", hash = "sha256:be52af4b6292baecfa0f397f3edb3c6092ce071b499dd6fe292c9ac9f2c8f264", size = 647701 },
    { url = "https://files.pythonhosted.org/packages/cc/0d/93729068259b550d6a0288da4ff72b86ed05626eaf1eb7c0d3466a2571de/greenlet-3.2.3-cp312-cp312-manylinux2014_x86_64.manylinux_2_17_x86_64.whl", hash = "sha256:0cc73378150b8b78b0c9fe2ce56e166695e67478550769536a6742dca3651688", size = 649747 },
    { url = "https://files.pythonhosted.org/packages/f6/f6/c82ac1851c60851302d8581680573245c8fc300253fc1ff741ae74a6c24d/greenlet-3.2.3-cp312-cp312-manylinux_2_24_x86_64.manylinux_2_28_x86_64.whl", hash = "sha256:706d016a03e78df129f68c4c9b4c4f963f7d73534e48a24f5f5a7101ed13dbbb", size = 605461 },
    { url = "https://files.pythonhosted.org/packages/98/82/d022cf25ca39cf1200650fc58c52af32c90f80479c25d1cbf57980ec3065/greenlet-3.2.3-cp312-cp312-musllinux_1_1_aarch64.whl", hash = "sha256:419e60f80709510c343c57b4bb5a339d8767bf9aef9b8ce43f4f143240f88b7c", size = 1121190 },
    { url = "https://files.pythonhosted.org/packages/f5/e1/25297f70717abe8104c20ecf7af0a5b82d2f5a980eb1ac79f65654799f9f/greenlet-3.2.3-cp312-cp312-musllinux_1_1_x86_64.whl", hash = "sha256:93d48533fade144203816783373f27a97e4193177ebaaf0fc396db19e5d61163", size = 1149055 },
    { url = "https://files.pythonhosted.org/packages/1f/8f/8f9e56c5e82eb2c26e8cde787962e66494312dc8cb261c460e1f3a9c88bc/greenlet-3.2.3-cp312-cp312-win_amd64.whl", hash = "sha256:7454d37c740bb27bdeddfc3f358f26956a07d5220818ceb467a483197d84f849", size = 297817 },
    { url = "https://files.pythonhosted.org/packages/b1/cf/f5c0b23309070ae93de75c90d29300751a5aacefc0a3ed1b1d8edb28f08b/greenlet-3.2.3-cp313-cp313-macosx_11_0_universal2.whl", hash = "sha256:500b8689aa9dd1ab26872a34084503aeddefcb438e2e7317b89b11eaea1901ad", size = 270732 },
    { url = "https://files.pythonhosted.org/packages/48/ae/91a957ba60482d3fecf9be49bc3948f341d706b52ddb9d83a70d42abd498/greenlet-3.2.3-cp313-cp313-manylinux2014_aarch64.manylinux_2_17_aarch64.whl", hash = "sha256:a07d3472c2a93117af3b0136f246b2833fdc0b542d4a9799ae5f41c28323faef", size = 639033 },
    { url = "https://files.pythonhosted.org/packages/6f/df/20ffa66dd5a7a7beffa6451bdb7400d66251374ab40b99981478c69a67a8/greenlet-3.2.3-cp313-cp313-manylinux2014_ppc64le.manylinux_2_17_ppc64le.whl", hash = "sha256:8704b3768d2f51150626962f4b9a9e4a17d2e37c8a8d9867bbd9fa4eb938d3b3", size = 652999 },
    { url = "https://files.pythonhosted.org/packages/51/b4/ebb2c8cb41e521f1d72bf0465f2f9a2fd803f674a88db228887e6847077e/greenlet-3.2.3-cp313-cp313-manylinux2014_s390x.manylinux_2_17_s390x.whl", hash = "sha256:5035d77a27b7c62db6cf41cf786cfe2242644a7a337a0e155c80960598baab95", size = 647368 },
    { url = "https://files.pythonhosted.org/packages/8e/6a/1e1b5aa10dced4ae876a322155705257748108b7fd2e4fae3f2a091fe81a/greenlet-3.2.3-cp313-cp313-manylinux2014_x86_64.manylinux_2_17_x86_64.whl", hash = "sha256:2d8aa5423cd4a396792f6d4580f88bdc6efcb9205891c9d40d20f6e670992efb", size = 650037 },
    { url = "https://files.pythonhosted.org/packages/26/f2/ad51331a157c7015c675702e2d5230c243695c788f8f75feba1af32b3617/greenlet-3.2.3-cp313-cp313-manylinux_2_24_x86_64.manylinux_2_28_x86_64.whl", hash = "sha256:2c724620a101f8170065d7dded3f962a2aea7a7dae133a009cada42847e04a7b", size = 608402 },
    { url = "https://files.pythonhosted.org/packages/26/bc/862bd2083e6b3aff23300900a956f4ea9a4059de337f5c8734346b9b34fc/greenlet-3.2.3-cp313-cp313-musllinux_1_1_aarch64.whl", hash = "sha256:873abe55f134c48e1f2a6f53f7d1419192a3d1a4e873bace00499a4e45ea6af0", size = 1119577 },
    { url = "https://files.pythonhosted.org/packages/86/94/1fc0cc068cfde885170e01de40a619b00eaa8f2916bf3541744730ffb4c3/greenlet-3.2.3-cp313-cp313-musllinux_1_1_x86_64.whl", hash = "sha256:024571bbce5f2c1cfff08bf3fbaa43bbc7444f580ae13b0099e95d0e6e67ed36", size = 1147121 },
    { url = "https://files.pythonhosted.org/packages/27/1a/199f9587e8cb08a0658f9c30f3799244307614148ffe8b1e3aa22f324dea/greenlet-3.2.3-cp313-cp313-win_amd64.whl", hash = "sha256:5195fb1e75e592dd04ce79881c8a22becdfa3e6f500e7feb059b1e6fdd54d3e3", size = 297603 },
    { url = "https://files.pythonhosted.org/packages/d8/ca/accd7aa5280eb92b70ed9e8f7fd79dc50a2c21d8c73b9a0856f5b564e222/greenlet-3.2.3-cp314-cp314-macosx_11_0_universal2.whl", hash = "sha256:3d04332dddb10b4a211b68111dabaee2e1a073663d117dc10247b5b1642bac86", size = 271479 },
    { url = "https://files.pythonhosted.org/packages/55/71/01ed9895d9eb49223280ecc98a557585edfa56b3d0e965b9fa9f7f06b6d9/greenlet-3.2.3-cp314-cp314-manylinux2014_aarch64.manylinux_2_17_aarch64.whl", hash = "sha256:8186162dffde068a465deab08fc72c767196895c39db26ab1c17c0b77a6d8b97", size = 683952 },
    { url = "https://files.pythonhosted.org/packages/ea/61/638c4bdf460c3c678a0a1ef4c200f347dff80719597e53b5edb2fb27ab54/greenlet-3.2.3-cp314-cp314-manylinux2014_ppc64le.manylinux_2_17_ppc64le.whl", hash = "sha256:f4bfbaa6096b1b7a200024784217defedf46a07c2eee1a498e94a1b5f8ec5728", size = 696917 },
    { url = "https://files.pythonhosted.org/packages/22/cc/0bd1a7eb759d1f3e3cc2d1bc0f0b487ad3cc9f34d74da4b80f226fde4ec3/greenlet-3.2.3-cp314-cp314-manylinux2014_s390x.manylinux_2_17_s390x.whl", hash = "sha256:ed6cfa9200484d234d8394c70f5492f144b20d4533f69262d530a1a082f6ee9a", size = 692443 },
    { url = "https://files.pythonhosted.org/packages/67/10/b2a4b63d3f08362662e89c103f7fe28894a51ae0bc890fabf37d1d780e52/greenlet-3.2.3-cp314-cp314-manylinux2014_x86_64.manylinux_2_17_x86_64.whl", hash = "sha256:02b0df6f63cd15012bed5401b47829cfd2e97052dc89da3cfaf2c779124eb892", size = 692995 },
    { url = "https://files.pythonhosted.org/packages/5a/c6/ad82f148a4e3ce9564056453a71529732baf5448ad53fc323e37efe34f66/greenlet-3.2.3-cp314-cp314-manylinux_2_24_x86_64.manylinux_2_28_x86_64.whl", hash = "sha256:86c2d68e87107c1792e2e8d5399acec2487a4e993ab76c792408e59394d52141", size = 655320 },
    { url = "https://files.pythonhosted.org/packages/5c/4f/aab73ecaa6b3086a4c89863d94cf26fa84cbff63f52ce9bc4342b3087a06/greenlet-3.2.3-cp314-cp314-win_amd64.whl", hash = "sha256:8c47aae8fbbfcf82cc13327ae802ba13c9c36753b67e760023fd116bc124a62a", size = 301236 },
]

[[package]]
name = "python-bidi"
version = "0.6.6"
source = { registry = "https://pypi.org/simple" }
sdist = { url = "https://files.pythonhosted.org/packages/c4/de/1822200711beaadb2f334fa25f59ad9c2627de423c103dde7e81aedbc8e2/python_bidi-0.6.6.tar.gz", hash = "sha256:07db4c7da502593bd6e39c07b3a38733704070de0cbf92a7b7277b7be8867dd9", size = 45102 }
wheels = [
    { url = "https://files.pythonhosted.org/packages/bb/03/b10c5c320fa5f3bc3d7736b2268179cc7f4dca4d054cdf2c932532d6b11a/python_bidi-0.6.6-cp311-cp311-macosx_10_12_x86_64.whl", hash = "sha256:da4949496e563b51f53ff34aad5a9f4c3aaf06f4180cf3bcb42bec649486c8f1", size = 269512 },
    { url = "https://files.pythonhosted.org/packages/91/d8/8f6bd8f4662e8340e1aabb3b9a01fb1de24e8d1ce4f38b160f5cac2524f4/python_bidi-0.6.6-cp311-cp311-macosx_11_0_arm64.whl", hash = "sha256:c48a755ca8ba3f2b242d6795d4a60e83ca580cc4fa270a3aaa8af05d93b7ba7f", size = 264042 },
    { url = "https://files.pythonhosted.org/packages/51/9f/2c831510ab8afb03b5ec4b15271dc547a2e8643563a7bcc712cd43b29d26/python_bidi-0.6.6-cp311-cp311-manylinux_2_17_aarch64.manylinux2014_aarch64.whl", hash = "sha256:76a1cd320993ba3e91a567e97f057a03f2c6b493096b3fff8b5630f51a38e7eb", size = 290963 },
    { url = "https://files.pythonhosted.org/packages/95/45/17a76e7052d4d4bc1549ac2061f1fdebbaa9b7448ce81e774b7f77dc70b2/python_bidi-0.6.6-cp311-cp311-manylinux_2_17_armv7l.manylinux2014_armv7l.whl", hash = "sha256:e8bf3e396f9ebe8f4f81e92fa4c98c50160d60c58964b89c8ff4ee0c482befaa", size = 298639 },
    { url = "https://files.pythonhosted.org/packages/00/11/fb5857168dcc50a2ebb2a5d8771a64b7fc66c19c9586b6f2a4d8a76db2e8/python_bidi-0.6.6-cp311-cp311-manylinux_2_17_ppc64le.manylinux2014_ppc64le.whl", hash = "sha256:a2a49b506ed21f762ebf332de6de689bc4912e24dcc3b85f120b34e5f01e541a", size = 351898 },
    { url = "https://files.pythonhosted.org/packages/18/e7/d25b3e767e204b9e236e7cb042bf709fd5a985cfede8c990da3bbca862a3/python_bidi-0.6.6-cp311-cp311-manylinux_2_17_s390x.manylinux2014_s390x.whl", hash = "sha256:3428331e7ce0d58c15b5a57e18a43a12e28f8733086066e6fd75b0ded80e1cae", size = 331117 },
    { url = "https://files.pythonhosted.org/packages/75/50/248decd41096b4954c3887fc7fae864b8e1e90d28d1b4ce5a28c087c3d8d/python_bidi-0.6.6-cp311-cp311-manylinux_2_17_x86_64.manylinux2014_x86_64.whl", hash = "sha256:35adfb9fed3e72b9043a5c00b6ab69e4b33d53d2d8f8b9f60d4df700f77bc2c0", size = 292950 },
    { url = "https://files.pythonhosted.org/packages/0b/d8/6ae7827fbba1403882930d4da8cbab28ab6b86b61a381c991074fb5003d1/python_bidi-0.6.6-cp311-cp311-manylinux_2_5_i686.manylinux1_i686.whl", hash = "sha256:589c5b24a8c4b5e07a1e97654020734bf16ed01a4353911ab663a37aaf1c281d", size = 307909 },
    { url = "https://files.pythonhosted.org/packages/4c/a3/5b369c5da7b08b36907dcce7a78c730370ad6899459282f5e703ec1964c6/python_bidi-0.6.6-cp311-cp311-musllinux_1_2_aarch64.whl", hash = "sha256:994534e47260d712c3b3291a6ab55b46cdbfd78a879ef95d14b27bceebfd4049", size = 465552 },
    { url = "https://files.pythonhosted.org/packages/82/07/7779668967c0f17a107a916ec7891507b7bcdc9c7ee4d2c4b6a80ba1ac5e/python_bidi-0.6.6-cp311-cp311-musllinux_1_2_armv7l.whl", hash = "sha256:00622f54a80826a918b22a2d6d5481bb3f669147e17bac85c81136b6ffbe7c06", size = 557371 },
    { url = "https://files.pythonhosted.org/packages/2d/e5/3154ac009a167bf0811195f12cf5e896c77a29243522b4b0697985881bc4/python_bidi-0.6.6-cp311-cp311-musllinux_1_2_i686.whl", hash = "sha256:965e6f2182e7b9352f2d79221f6c49502a307a9778d7d87d82dc36bb1ffecbab", size = 485458 },
    { url = "https://files.pythonhosted.org/packages/fd/db/88af6f0048d8ec7281b44b5599a3d2afa18fac5dd22eb72526f28f4ea647/python_bidi-0.6.6-cp311-cp311-musllinux_1_2_x86_64.whl", hash = "sha256:53d7d3a550d176df99dd0bb0cc2da16b40634f11c8b9f5715777441d679c0a62", size = 459588 },
    { url = "https://files.pythonhosted.org/packages/bb/d2/77b649c8b32c2b88e2facf5a42fb51dfdcc9e13db411c8bc84831ad64893/python_bidi-0.6.6-cp311-cp311-win32.whl", hash = "sha256:b271cd05cb40f47eb4600de79a8e47f8579d81ce35f5650b39b7860d018c3ece", size = 155683 },
    { url = "https://files.pythonhosted.org/packages/95/41/d4dbc72b96e2eea3aeb9292707459372c8682ef039cd19fcac7e09d513ef/python_bidi-0.6.6-cp311-cp311-win_amd64.whl", hash = "sha256:4ff1eba0ff87e04bd35d7e164203ad6e5ce19f0bac0bdf673134c0b78d919608", size = 160587 },
    { url = "https://files.pythonhosted.org/packages/6f/84/45484b091e89d657b0edbfc4378d94ae39915e1f230cb13614f355ff7f22/python_bidi-0.6.6-cp312-cp312-macosx_10_12_x86_64.whl", hash = "sha256:166060a31c10aa3ffadd52cf10a3c9c2b8d78d844e0f2c5801e2ed511d3ec316", size = 267218 },
    { url = "https://files.pythonhosted.org/packages/b7/17/b314c260366a8fb370c58b98298f903fb2a3c476267efbe792bb8694ac7c/python_bidi-0.6.6-cp312-cp312-macosx_11_0_arm64.whl", hash = "sha256:8706addd827840c2c3b3a9963060d9b979b43801cc9be982efa9644facd3ed26", size = 262129 },
    { url = "https://files.pythonhosted.org/packages/27/b6/8212d0f83aaa361ab33f98c156a453ea5cfb9ac40fab06eef9a156ba4dfa/python_bidi-0.6.6-cp312-cp312-manylinux_2_17_aarch64.manylinux2014_aarch64.whl", hash = "sha256:69c02316a4f72a168ea6f66b90d845086e2f2d2de6b08eb32c576db36582177c", size = 290811 },
    { url = "https://files.pythonhosted.org/packages/cd/05/cd503307cd478d18f09b301d20e38ef4107526e65e9cbb9ce489cc2ddbf3/python_bidi-0.6.6-cp312-cp312-manylinux_2_17_armv7l.manylinux2014_armv7l.whl", hash = "sha256:a525bcb77b8edbfdcf8b199dbed24556e6d1436af8f5fa392f6cdc93ed79b4af", size = 298175 },
    { url = "https://files.pythonhosted.org/packages/e0/0c/bd7bbd70bd330f282c534f03235a9b8da56262ea97a353d8fe9e367d0d7c/python_bidi-0.6.6-cp312-cp312-manylinux_2_17_ppc64le.manylinux2014_ppc64le.whl", hash = "sha256:4bb186c8da4bdc953893504bba93f41d5b412fd767ba5661ff606f22950ec609", size = 351470 },
    { url = "https://files.pythonhosted.org/packages/5e/ab/05a1864d5317e69e022930457f198c2d0344fd281117499ad3fedec5b77c/python_bidi-0.6.6-cp312-cp312-manylinux_2_17_s390x.manylinux2014_s390x.whl", hash = "sha256:25fa21b46dc80ac7099d2dee424b634eb1f76b2308d518e505a626c55cdbf7b1", size = 329468 },
    { url = "https://files.pythonhosted.org/packages/07/7c/094bbcb97089ac79f112afa762051129c55d52a7f58923203dfc62f75feb/python_bidi-0.6.6-cp312-cp312-manylinux_2_17_x86_64.manylinux2014_x86_64.whl", hash = "sha256:b31f5562839e7ecea881ba337f9d39716e2e0e6b3ba395e824620ee5060050ff", size = 292102 },
    { url = "https://files.pythonhosted.org/packages/99/6b/5e2e6c2d76e7669b9dd68227e8e70cf72a6566ffdf414b31b64098406030/python_bidi-0.6.6-cp312-cp312-manylinux_2_5_i686.manylinux1_i686.whl", hash = "sha256:fb750d3d5ac028e8afd62d000928a2110dbca012fee68b1a325a38caa03dc50b", size = 307282 },
    { url = "https://files.pythonhosted.org/packages/5e/da/6cbe04f605100978755fc5f4d8a8209789b167568e1e08e753d1a88edcc5/python_bidi-0.6.6-cp312-cp312-musllinux_1_2_aarch64.whl", hash = "sha256:8b5f648ee8e9f4ac0400f71e671934b39837d7031496e0edde867a303344d758", size = 464487 },
    { url = "https://files.pythonhosted.org/packages/d5/83/d15a0c944b819b8f101418b973772c42fb818c325c82236978db71b1ed7e/python_bidi-0.6.6-cp312-cp312-musllinux_1_2_armv7l.whl", hash = "sha256:c4c0255940e6ff98fb05f9d5de3ffcaab7b60d821d4ca072b50c4f871b036562", size = 556449 },
    { url = "https://files.pythonhosted.org/packages/0f/9a/80f0551adcbc9dd02304a4e4ae46113bb1f6f5172831ad86b860814ff498/python_bidi-0.6.6-cp312-cp312-musllinux_1_2_i686.whl", hash = "sha256:e7e36601edda15e67527560b1c00108b0d27831260b6b251cf7c6dd110645c03", size = 484368 },
    { url = "https://files.pythonhosted.org/packages/9e/05/4a4074530e54a3e384535d185c77fe9bf0321b207bfcb3a9c1676ee9976f/python_bidi-0.6.6-cp312-cp312-musllinux_1_2_x86_64.whl", hash = "sha256:07c9f000671b187319bacebb9e98d8b75005ccd16aa41b9d4411e66813c467bb", size = 458846 },
    { url = "https://files.pythonhosted.org/packages/9f/10/91d112d152b273e54ca7b7d476faaf27e9a350ef85b4fcc281bdd577d13b/python_bidi-0.6.6-cp312-cp312-win32.whl", hash = "sha256:57c0ca449a116c4f804422111b3345281c4e69c733c4556fa216644ec9907078", size = 155236 },
    { url = "https://files.pythonhosted.org/packages/30/da/e1537900bc8a838b0637124cf8f7ef36ce87b5cdc41fb4c26752a4b9c25a/python_bidi-0.6.6-cp312-cp312-win_amd64.whl", hash = "sha256:f60afe457a37bd908fdc7b520c07620b1a7cc006e08b6e3e70474025b4f5e5c7", size = 160251 },
    { url = "https://files.pythonhosted.org/packages/a5/b1/b24cb64b441dadd911b39d8b86a91606481f84be1b3f01ffca3f9847a4f1/python_bidi-0.6.6-cp313-cp313-macosx_10_12_x86_64.whl", hash = "sha256:61cf12f6b7d0b9bb37838a5f045e6acbd91e838b57f0369c55319bb3969ffa4d", size = 266728 },
    { url = "https://files.pythonhosted.org/packages/0c/19/d4d449dcdc5eb72b6ffb97b34db710ea307682cae065fbe83a0e42fee00a/python_bidi-0.6.6-cp313-cp313-macosx_11_0_arm64.whl", hash = "sha256:33bd0ba5eedf18315a1475ac0f215b5134e48011b7320aedc2fb97df31d4e5bf", size = 261475 },
    { url = "https://files.pythonhosted.org/packages/0a/87/4ecaecf7cc17443129b0f3a967b6f455c0d773b58d68b93c5949a91a0b8b/python_bidi-0.6.6-cp313-cp313-manylinux_2_17_aarch64.manylinux2014_aarch64.whl", hash = "sha256:5c9f798dd49b24bb1a9d90f065ef25c7bffa94c04c554f1fc02d0aea0a9b10b0", size = 290153 },
    { url = "https://files.pythonhosted.org/packages/42/6e/4b57a3dba455f42fa82a9b5caf3d35535bd6eb644a37a031ac1d5e8b6a3e/python_bidi-0.6.6-cp313-cp313-manylinux_2_17_armv7l.manylinux2014_armv7l.whl", hash = "sha256:43a0409570c618d93706dc875b1d33b4adfe67144f6f2ebeb32d85d8bbdb85ed", size = 297567 },
    { url = "https://files.pythonhosted.org/packages/39/39/dc9ce9b15888b6391206d77fc36fd23447fb5313aee1fa1031432b2a4072/python_bidi-0.6.6-cp313-cp313-manylinux_2_17_ppc64le.manylinux2014_ppc64le.whl", hash = "sha256:ada1aecd32773c61b16f7c9f74d9ec1b57ea433e2083e08ca387c5cd4b0ceaed", size = 351186 },
    { url = "https://files.pythonhosted.org/packages/9e/66/cc9795903be4ce781b89fa4fe0e493369d58cd0fc0dda9287ab227d410d3/python_bidi-0.6.6-cp313-cp313-manylinux_2_17_s390x.manylinux2014_s390x.whl", hash = "sha256:125a815f2b20313a2f6d331aa84abdd07de7d270985b056e6729390a4cda90df", size = 329159 },
    { url = "https://files.pythonhosted.org/packages/ca/40/071dc08645daa09cb8c008db888141998a895d2d1ed03ba780971b595297/python_bidi-0.6.6-cp313-cp313-manylinux_2_17_x86_64.manylinux2014_x86_64.whl", hash = "sha256:183fee39bd2de787f632376bd5ba0d5f1daf6a09d3ebfaa211df25d62223e531", size = 291743 },
    { url = "https://files.pythonhosted.org/packages/17/5a/5f60915a9f73f48df27bf262a210fa66ea8ffe5fd0072c67288e55e3304e/python_bidi-0.6.6-cp313-cp313-manylinux_2_5_i686.manylinux1_i686.whl", hash = "sha256:c4e08753d32d633f5ecb5eb02624272eeffaa6d5c6f4f9ddf012637bcaabfc0a", size = 306568 },
    { url = "https://files.pythonhosted.org/packages/9e/01/03341516d895ee937036d38ab4f9987857b1066f7c267b99963ee056eb9e/python_bidi-0.6.6-cp313-cp313-musllinux_1_2_aarch64.whl", hash = "sha256:d1dcd7a82ae00b86821fce627e310791f56da90924f15877cfda844e340679de", size = 463890 },
    { url = "https://files.pythonhosted.org/packages/4f/a8/36bb9553e00d33acee2d2d447b60bccb0aad5c1d589cd364ddd95d9b876b/python_bidi-0.6.6-cp313-cp313-musllinux_1_2_armv7l.whl", hash = "sha256:5506ba56380140b3cb3504029de014d21eb8874c5e081d88495f8775f6ed90bc", size = 555980 },
    { url = "https://files.pythonhosted.org/packages/46/05/88aa85522472afda215a6b436eaa0aac6bbe9e29a64db0f99f61d1aa6527/python_bidi-0.6.6-cp313-cp313-musllinux_1_2_i686.whl", hash = "sha256:207b0a7082ec38045910d37700a0dd73c10d4ffccb22a4fd0391d7e9ce241672", size = 483881 },
    { url = "https://files.pythonhosted.org/packages/48/7e/f813de1a92e10c302649134ea3a8c6429f9c2e5dd161e82e88f08b4c7565/python_bidi-0.6.6-cp313-cp313-musllinux_1_2_x86_64.whl", hash = "sha256:686642a52acdeffb1d9a593a284d07b175c63877c596fa3ccceeb2649ced1dd8", size = 458296 },
    { url = "https://files.pythonhosted.org/packages/e9/ea/a775bec616ec01d9a0df7d5a6e1b3729285dd5e7f1fdb0dfce2e0604c6a3/python_bidi-0.6.6-cp313-cp313-win32.whl", hash = "sha256:485f2ee109e7aa73efc165b90a6d90da52546801413540c08b7133fe729d5e0a", size = 155033 },
    { url = "https://files.pythonhosted.org/packages/74/79/3323f08c98b9a5b726303b68babdd26cf4fe710709b7c61c96e6bb4f3d10/python_bidi-0.6.6-cp313-cp313-win_amd64.whl", hash = "sha256:63f7a9eaec31078e7611ab958b6e18e796c05b63ca50c1f7298311dc1e15ac3e", size = 159973 },
]

[[package]]
name = "python-template"
version = "0.1.0"
source = { virtual = "." }
dependencies = [
    { name = "arabic-reshaper" },
    { name = "fpdf" },
    { name = "python-bidi" },
    { name = "qrcode" },
    { name = "sqlalchemy" },
    { name = "telegram" },
]

[package.metadata]
requires-dist = [
    { name = "arabic-reshaper", specifier = ">=3.0.0" },
    { name = "fpdf", specifier = ">=1.7.2" },
    { name = "python-bidi", specifier = ">=0.6.6" },
    { name = "qrcode", specifier = ">=8.2" },
    { name = "sqlalchemy", specifier = ">=2.0.41" },
    { name = "telegram", specifier = ">=0.0.1" },
]

[[package]]
name = "qrcode"
version = "8.2"
source = { registry = "https://pypi.org/simple" }
dependencies = [
    { name = "colorama", marker = "sys_platform == 'win32'" },
]
sdist = { url = "https://files.pythonhosted.org/packages/8f/b2/7fc2931bfae0af02d5f53b174e9cf701adbb35f39d69c2af63d4a39f81a9/qrcode-8.2.tar.gz", hash = "sha256:35c3f2a4172b33136ab9f6b3ef1c00260dd2f66f858f24d88418a015f446506c", size = 43317 }
wheels = [
    { url = "https://files.pythonhosted.org/packages/dd/b8/d2d6d731733f51684bbf76bf34dab3b70a9148e8f2cef2bb544fccec681a/qrcode-8.2-py3-none-any.whl", hash = "sha256:16e64e0716c14960108e85d853062c9e8bba5ca8252c0b4d0231b9df4060ff4f", size = 45986 },
]

[[package]]
name = "sqlalchemy"
version = "2.0.41"
source = { registry = "https://pypi.org/simple" }
dependencies = [
    { name = "greenlet", marker = "(python_full_version < '3.14' and platform_machine == 'AMD64') or (python_full_version < '3.14' and platform_machine == 'WIN32') or (python_full_version < '3.14' and platform_machine == 'aarch64') or (python_full_version < '3.14' and platform_machine == 'amd64') or (python_full_version < '3.14' and platform_machine == 'ppc64le') or (python_full_version < '3.14' and platform_machine == 'win32') or (python_full_version < '3.14' and platform_machine == 'x86_64')" },
    { name = "typing-extensions" },
]
sdist = { url = "https://files.pythonhosted.org/packages/63/66/45b165c595ec89aa7dcc2c1cd222ab269bc753f1fc7a1e68f8481bd957bf/sqlalchemy-2.0.41.tar.gz", hash = "sha256:edba70118c4be3c2b1f90754d308d0b79c6fe2c0fdc52d8ddf603916f83f4db9", size = 9689424 }
wheels = [
    { url = "https://files.pythonhosted.org/packages/37/4e/b00e3ffae32b74b5180e15d2ab4040531ee1bef4c19755fe7926622dc958/sqlalchemy-2.0.41-cp311-cp311-macosx_10_9_x86_64.whl", hash = "sha256:6375cd674fe82d7aa9816d1cb96ec592bac1726c11e0cafbf40eeee9a4516b5f", size = 2121232 },
    { url = "https://files.pythonhosted.org/packages/ef/30/6547ebb10875302074a37e1970a5dce7985240665778cfdee2323709f749/sqlalchemy-2.0.41-cp311-cp311-macosx_11_0_arm64.whl", hash = "sha256:9f8c9fdd15a55d9465e590a402f42082705d66b05afc3ffd2d2eb3c6ba919560", size = 2110897 },
    { url = "https://files.pythonhosted.org/packages/9e/21/59df2b41b0f6c62da55cd64798232d7349a9378befa7f1bb18cf1dfd510a/sqlalchemy-2.0.41-cp311-cp311-manylinux_2_17_aarch64.manylinux2014_aarch64.whl", hash = "sha256:32f9dc8c44acdee06c8fc6440db9eae8b4af8b01e4b1aee7bdd7241c22edff4f", size = 3273313 },
    { url = "https://files.pythonhosted.org/packages/62/e4/b9a7a0e5c6f79d49bcd6efb6e90d7536dc604dab64582a9dec220dab54b6/sqlalchemy-2.0.41-cp311-cp311-manylinux_2_17_x86_64.manylinux2014_x86_64.whl", hash = "sha256:90c11ceb9a1f482c752a71f203a81858625d8df5746d787a4786bca4ffdf71c6", size = 3273807 },
    { url = "https://files.pythonhosted.org/packages/39/d8/79f2427251b44ddee18676c04eab038d043cff0e764d2d8bb08261d6135d/sqlalchemy-2.0.41-cp311-cp311-musllinux_1_2_aarch64.whl", hash = "sha256:911cc493ebd60de5f285bcae0491a60b4f2a9f0f5c270edd1c4dbaef7a38fc04", size = 3209632 },
    { url = "https://files.pythonhosted.org/packages/d4/16/730a82dda30765f63e0454918c982fb7193f6b398b31d63c7c3bd3652ae5/sqlalchemy-2.0.41-cp311-cp311-musllinux_1_2_x86_64.whl", hash = "sha256:03968a349db483936c249f4d9cd14ff2c296adfa1290b660ba6516f973139582", size = 3233642 },
    { url = "https://files.pythonhosted.org/packages/04/61/c0d4607f7799efa8b8ea3c49b4621e861c8f5c41fd4b5b636c534fcb7d73/sqlalchemy-2.0.41-cp311-cp311-win32.whl", hash = "sha256:293cd444d82b18da48c9f71cd7005844dbbd06ca19be1ccf6779154439eec0b8", size = 2086475 },
    { url = "https://files.pythonhosted.org/packages/9d/8e/8344f8ae1cb6a479d0741c02cd4f666925b2bf02e2468ddaf5ce44111f30/sqlalchemy-2.0.41-cp311-cp311-win_amd64.whl", hash = "sha256:3d3549fc3e40667ec7199033a4e40a2f669898a00a7b18a931d3efb4c7900504", size = 2110903 },
    { url = "https://files.pythonhosted.org/packages/3e/2a/f1f4e068b371154740dd10fb81afb5240d5af4aa0087b88d8b308b5429c2/sqlalchemy-2.0.41-cp312-cp312-macosx_10_13_x86_64.whl", hash = "sha256:81f413674d85cfd0dfcd6512e10e0f33c19c21860342a4890c3a2b59479929f9", size = 2119645 },
    { url = "https://files.pythonhosted.org/packages/9b/e8/c664a7e73d36fbfc4730f8cf2bf930444ea87270f2825efbe17bf808b998/sqlalchemy-2.0.41-cp312-cp312-macosx_11_0_arm64.whl", hash = "sha256:598d9ebc1e796431bbd068e41e4de4dc34312b7aa3292571bb3674a0cb415dd1", size = 2107399 },
    { url = "https://files.pythonhosted.org/packages/5c/78/8a9cf6c5e7135540cb682128d091d6afa1b9e48bd049b0d691bf54114f70/sqlalchemy-2.0.41-cp312-cp312-manylinux_2_17_aarch64.manylinux2014_aarch64.whl", hash = "sha256:a104c5694dfd2d864a6f91b0956eb5d5883234119cb40010115fd45a16da5e70", size = 3293269 },
    { url = "https://files.pythonhosted.org/packages/3c/35/f74add3978c20de6323fb11cb5162702670cc7a9420033befb43d8d5b7a4/sqlalchemy-2.0.41-cp312-cp312-manylinux_2_17_x86_64.manylinux2014_x86_64.whl", hash = "sha256:6145afea51ff0af7f2564a05fa95eb46f542919e6523729663a5d285ecb3cf5e", size = 3303364 },
    { url = "https://files.pythonhosted.org/packages/6a/d4/c990f37f52c3f7748ebe98883e2a0f7d038108c2c5a82468d1ff3eec50b7/sqlalchemy-2.0.41-cp312-cp312-musllinux_1_2_aarch64.whl", hash = "sha256:b46fa6eae1cd1c20e6e6f44e19984d438b6b2d8616d21d783d150df714f44078", size = 3229072 },
    { url = "https://files.pythonhosted.org/packages/15/69/cab11fecc7eb64bc561011be2bd03d065b762d87add52a4ca0aca2e12904/sqlalchemy-2.0.41-cp312-cp312-musllinux_1_2_x86_64.whl", hash = "sha256:41836fe661cc98abfae476e14ba1906220f92c4e528771a8a3ae6a151242d2ae", size = 3268074 },
    { url = "https://files.pythonhosted.org/packages/5c/ca/0c19ec16858585d37767b167fc9602593f98998a68a798450558239fb04a/sqlalchemy-2.0.41-cp312-cp312-win32.whl", hash = "sha256:a8808d5cf866c781150d36a3c8eb3adccfa41a8105d031bf27e92c251e3969d6", size = 2084514 },
    { url = "https://files.pythonhosted.org/packages/7f/23/4c2833d78ff3010a4e17f984c734f52b531a8c9060a50429c9d4b0211be6/sqlalchemy-2.0.41-cp312-cp312-win_amd64.whl", hash = "sha256:5b14e97886199c1f52c14629c11d90c11fbb09e9334fa7bb5f6d068d9ced0ce0", size = 2111557 },
    { url = "https://files.pythonhosted.org/packages/d3/ad/2e1c6d4f235a97eeef52d0200d8ddda16f6c4dd70ae5ad88c46963440480/sqlalchemy-2.0.41-cp313-cp313-macosx_10_13_x86_64.whl", hash = "sha256:4eeb195cdedaf17aab6b247894ff2734dcead6c08f748e617bfe05bd5a218443", size = 2115491 },
    { url = "https://files.pythonhosted.org/packages/cf/8d/be490e5db8400dacc89056f78a52d44b04fbf75e8439569d5b879623a53b/sqlalchemy-2.0.41-cp313-cp313-macosx_11_0_arm64.whl", hash = "sha256:d4ae769b9c1c7757e4ccce94b0641bc203bbdf43ba7a2413ab2523d8d047d8dc", size = 2102827 },
    { url = "https://files.pythonhosted.org/packages/a0/72/c97ad430f0b0e78efaf2791342e13ffeafcbb3c06242f01a3bb8fe44f65d/sqlalchemy-2.0.41-cp313-cp313-manylinux_2_17_aarch64.manylinux2014_aarch64.whl", hash = "sha256:a62448526dd9ed3e3beedc93df9bb6b55a436ed1474db31a2af13b313a70a7e1", size = 3225224 },
    { url = "https://files.pythonhosted.org/packages/5e/51/5ba9ea3246ea068630acf35a6ba0d181e99f1af1afd17e159eac7e8bc2b8/sqlalchemy-2.0.41-cp313-cp313-manylinux_2_17_x86_64.manylinux2014_x86_64.whl", hash = "sha256:dc56c9788617b8964ad02e8fcfeed4001c1f8ba91a9e1f31483c0dffb207002a", size = 3230045 },
    { url = "https://files.pythonhosted.org/packages/78/2f/8c14443b2acea700c62f9b4a8bad9e49fc1b65cfb260edead71fd38e9f19/sqlalchemy-2.0.41-cp313-cp313-musllinux_1_2_aarch64.whl", hash = "sha256:c153265408d18de4cc5ded1941dcd8315894572cddd3c58df5d5b5705b3fa28d", size = 3159357 },
    { url = "https://files.pythonhosted.org/packages/fc/b2/43eacbf6ccc5276d76cea18cb7c3d73e294d6fb21f9ff8b4eef9b42bbfd5/sqlalchemy-2.0.41-cp313-cp313-musllinux_1_2_x86_64.whl", hash = "sha256:4f67766965996e63bb46cfbf2ce5355fc32d9dd3b8ad7e536a920ff9ee422e23", size = 3197511 },
    { url = "https://files.pythonhosted.org/packages/fa/2e/677c17c5d6a004c3c45334ab1dbe7b7deb834430b282b8a0f75ae220c8eb/sqlalchemy-2.0.41-cp313-cp313-win32.whl", hash = "sha256:bfc9064f6658a3d1cadeaa0ba07570b83ce6801a1314985bf98ec9b95d74e15f", size = 2082420 },
    { url = "https://files.pythonhosted.org/packages/e9/61/e8c1b9b6307c57157d328dd8b8348ddc4c47ffdf1279365a13b2b98b8049/sqlalchemy-2.0.41-cp313-cp313-win_amd64.whl", hash = "sha256:82ca366a844eb551daff9d2e6e7a9e5e76d2612c8564f58db6c19a726869c1df", size = 2108329 },
    { url = "https://files.pythonhosted.org/packages/1c/fc/9ba22f01b5cdacc8f5ed0d22304718d2c758fce3fd49a5372b886a86f37c/sqlalchemy-2.0.41-py3-none-any.whl", hash = "sha256:57df5dc6fdb5ed1a88a1ed2195fd31927e705cad62dedd86b46972752a80f576", size = 1911224 },
]

[[package]]
name = "telegram"
version = "0.0.1"
source = { registry = "https://pypi.org/simple" }
sdist = { url = "https://files.pythonhosted.org/packages/9d/ca/8bdf2deb93b9f6971dabf2ddc827c2a98ce23e13582a15b37e9bc169f226/telegram-0.0.1.tar.gz", hash = "sha256:d405a0af4c868a8dbeae6d03e297e21c7ee6269e11e2ed3810e15544aba02591", size = 879 }

[[package]]
name = "typing-extensions"
version = "4.14.1"
source = { registry = "https://pypi.org/simple" }
sdist = { url = "https://files.pythonhosted.org/packages/98/5a/da40306b885cc8c09109dc2e1abd358d5684b1425678151cdaed4731c822/typing_extensions-4.14.1.tar.gz", hash = "sha256:38b39f4aeeab64884ce9f74c94263ef78f3c22467c8724005483154c26648d36", size = 107673 }
wheels = [
    { url = "https://files.pythonhosted.org/packages/b5/00/d631e67a838026495268c2f6884f3711a15a9a2a96cd244fdaea53b823fb/typing_extensions-4.14.1-py3-none-any.whl", hash = "sha256:d1e1e3b58374dc93031d6eda2420a48ea44a36c2b4766a4fdeb3710755731d76", size = 43906 },
]
